
Microsoft Visual Studio Solution File, Format Version 12.00
# Visual Studio 14
VisualStudioVersion = 14.0.24720.0
MinimumVisualStudioVersion = 10.0.40219.1
Project("{FAE04EC0-301F-11D3-BF4B-00C04F79EFBC}") = "Ecat.Appl", "Ecat.Appl\Ecat.Appl.csproj", "{E4ACC4F3-4755-4FB4-860E-527378EDB6C5}"
EndProject
Project("{FAE04EC0-301F-11D3-BF4B-00C04F79EFBC}") = "Ecat.Bal", "Ecat.Bal\Ecat.Bal.csproj", "{AD03AD25-C9C2-4B6B-BE07-1D2737FF6674}"
EndProject
Project("{FAE04EC0-301F-11D3-BF4B-00C04F79EFBC}") = "Ecat.Dal", "Ecat.Dal\Ecat.Dal.csproj", "{0CC1BA3E-2684-46E3-987A-E3DB5D27E71B}"
EndProject
Project("{FAE04EC0-301F-11D3-BF4B-00C04F79EFBC}") = "Ecat.Models", "Ecat.Models\Ecat.Models.csproj", "{F5484BF1-0BC7-4AE9-8062-DA80BF53CA94}"
EndProject
Project("{FAE04EC0-301F-11D3-BF4B-00C04F79EFBC}") = "Ecat.Tests", "Ecat.Tests\Ecat.Tests.csproj", "{5530199A-19AE-4876-A729-00C01715D977}"
EndProject
Project("{2150E333-8FDC-42A3-9474-1A3956D46DE8}") = "SharedKernal", "SharedKernal", "{0A64F2B7-3C00-482F-833E-022750CEDFE4}"
EndProject
Project("{2150E333-8FDC-42A3-9474-1A3956D46DE8}") = "StudentOps", "StudentOps", "{3828640F-CD29-4857-9E77-9A3507D58086}"
EndProject
Project("{2150E333-8FDC-42A3-9474-1A3956D46DE8}") = "FacilitatorOps", "FacilitatorOps", "{4642187D-79F7-4130-B639-3B1DD3C981D0}"
EndProject
Project("{FAE04EC0-301F-11D3-BF4B-00C04F79EFBC}") = "Ecat.Shared.Data", "Ecat.Shared.Data\Ecat.Shared.Data.csproj", "{A97AF889-5772-44E6-ACC1-C12D06BC4296}"
EndProject
Project("{FAE04EC0-301F-11D3-BF4B-00C04F79EFBC}") = "Ecat.Shared.Core", "Ecat.Shared.Core\Ecat.Shared.Core.csproj", "{1BDCA966-E353-47FC-88C4-7C5A53FAF125}"
EndProject
Project("{2150E333-8FDC-42A3-9474-1A3956D46DE8}") = "DesignerOps", "DesignerOps", "{01FD297C-332B-4CFB-9159-F003E01A9D45}"
EndProject
Project("{FAE04EC0-301F-11D3-BF4B-00C04F79EFBC}") = "Ecat.Designer.Core", "Ecat.Designer.Core\Ecat.Designer.Core.csproj", "{7A7B6022-4F72-4C35-8D8D-2364E60BD02F}"
EndProject
Project("{2150E333-8FDC-42A3-9474-1A3956D46DE8}") = "AdminOps", "AdminOps", "{311DEDD6-15F5-4BD1-BC39-3BB223B650CA}"
EndProject
Project("{FAE04EC0-301F-11D3-BF4B-00C04F79EFBC}") = "Ecat.Admin.Core", "Ecat.Admin.Core\Ecat.Admin.Core.csproj", "{A5301B78-3FC4-4625-A992-70E525B858C6}"
EndProject
Project("{FAE04EC0-301F-11D3-BF4B-00C04F79EFBC}") = "Ecat.Student.Core", "Ecat.Student.Core\Ecat.Student.Core.csproj", "{A2A10AD6-98C5-428B-8FD5-F414D4DC1FC1}"
EndProject
Project("{FAE04EC0-301F-11D3-BF4B-00C04F79EFBC}") = "Ecat.Student.Data", "Ecat.Student.Data\Ecat.Student.Data.csproj", "{1650E839-98D9-4A41-8A9D-3EA1E13DE350}"
EndProject
Project("{FAE04EC0-301F-11D3-BF4B-00C04F79EFBC}") = "Ecat.Student.Test", "Ecat.Student.Test\Ecat.Student.Test.csproj", "{6ED1A1D3-2682-4CFF-89C9-8A533DACBAD2}"
EndProject
Project("{FAE04EC0-301F-11D3-BF4B-00C04F79EFBC}") = "Ecat.Shared.DbManager", "Ecat.Shared.DbManager\Ecat.Shared.DbManager.csproj", "{E3C8DEE3-5202-4BCD-AFCA-73FCFFA36070}"
EndProject
Global
	GlobalSection(SolutionConfigurationPlatforms) = preSolution
		Debug|Any CPU = Debug|Any CPU
		Release|Any CPU = Release|Any CPU
	EndGlobalSection
	GlobalSection(ProjectConfigurationPlatforms) = postSolution
		{E4ACC4F3-4755-4FB4-860E-527378EDB6C5}.Debug|Any CPU.ActiveCfg = Debug|Any CPU
		{E4ACC4F3-4755-4FB4-860E-527378EDB6C5}.Debug|Any CPU.Build.0 = Debug|Any CPU
		{E4ACC4F3-4755-4FB4-860E-527378EDB6C5}.Release|Any CPU.ActiveCfg = Release|Any CPU
		{E4ACC4F3-4755-4FB4-860E-527378EDB6C5}.Release|Any CPU.Build.0 = Release|Any CPU
		{AD03AD25-C9C2-4B6B-BE07-1D2737FF6674}.Debug|Any CPU.ActiveCfg = Debug|Any CPU
		{AD03AD25-C9C2-4B6B-BE07-1D2737FF6674}.Debug|Any CPU.Build.0 = Debug|Any CPU
		{AD03AD25-C9C2-4B6B-BE07-1D2737FF6674}.Release|Any CPU.ActiveCfg = Release|Any CPU
		{AD03AD25-C9C2-4B6B-BE07-1D2737FF6674}.Release|Any CPU.Build.0 = Release|Any CPU
		{0CC1BA3E-2684-46E3-987A-E3DB5D27E71B}.Debug|Any CPU.ActiveCfg = Debug|Any CPU
		{0CC1BA3E-2684-46E3-987A-E3DB5D27E71B}.Debug|Any CPU.Build.0 = Debug|Any CPU
		{0CC1BA3E-2684-46E3-987A-E3DB5D27E71B}.Release|Any CPU.ActiveCfg = Release|Any CPU
		{0CC1BA3E-2684-46E3-987A-E3DB5D27E71B}.Release|Any CPU.Build.0 = Release|Any CPU
		{F5484BF1-0BC7-4AE9-8062-DA80BF53CA94}.Debug|Any CPU.ActiveCfg = Debug|Any CPU
		{F5484BF1-0BC7-4AE9-8062-DA80BF53CA94}.Debug|Any CPU.Build.0 = Debug|Any CPU
		{F5484BF1-0BC7-4AE9-8062-DA80BF53CA94}.Release|Any CPU.ActiveCfg = Release|Any CPU
		{F5484BF1-0BC7-4AE9-8062-DA80BF53CA94}.Release|Any CPU.Build.0 = Release|Any CPU
		{5530199A-19AE-4876-A729-00C01715D977}.Debug|Any CPU.ActiveCfg = Debug|Any CPU
		{5530199A-19AE-4876-A729-00C01715D977}.Debug|Any CPU.Build.0 = Debug|Any CPU
		{5530199A-19AE-4876-A729-00C01715D977}.Release|Any CPU.ActiveCfg = Release|Any CPU
		{5530199A-19AE-4876-A729-00C01715D977}.Release|Any CPU.Build.0 = Release|Any CPU
		{A97AF889-5772-44E6-ACC1-C12D06BC4296}.Debug|Any CPU.ActiveCfg = Debug|Any CPU
		{A97AF889-5772-44E6-ACC1-C12D06BC4296}.Debug|Any CPU.Build.0 = Debug|Any CPU
		{A97AF889-5772-44E6-ACC1-C12D06BC4296}.Release|Any CPU.ActiveCfg = Release|Any CPU
		{A97AF889-5772-44E6-ACC1-C12D06BC4296}.Release|Any CPU.Build.0 = Release|Any CPU
		{1BDCA966-E353-47FC-88C4-7C5A53FAF125}.Debug|Any CPU.ActiveCfg = Debug|Any CPU
		{1BDCA966-E353-47FC-88C4-7C5A53FAF125}.Debug|Any CPU.Build.0 = Debug|Any CPU
		{1BDCA966-E353-47FC-88C4-7C5A53FAF125}.Release|Any CPU.ActiveCfg = Release|Any CPU
		{1BDCA966-E353-47FC-88C4-7C5A53FAF125}.Release|Any CPU.Build.0 = Release|Any CPU
		{7A7B6022-4F72-4C35-8D8D-2364E60BD02F}.Debug|Any CPU.ActiveCfg = Debug|Any CPU
		{7A7B6022-4F72-4C35-8D8D-2364E60BD02F}.Debug|Any CPU.Build.0 = Debug|Any CPU
		{7A7B6022-4F72-4C35-8D8D-2364E60BD02F}.Release|Any CPU.ActiveCfg = Release|Any CPU
		{7A7B6022-4F72-4C35-8D8D-2364E60BD02F}.Release|Any CPU.Build.0 = Release|Any CPU
		{A5301B78-3FC4-4625-A992-70E525B858C6}.Debug|Any CPU.ActiveCfg = Debug|Any CPU
		{A5301B78-3FC4-4625-A992-70E525B858C6}.Debug|Any CPU.Build.0 = Debug|Any CPU
		{A5301B78-3FC4-4625-A992-70E525B858C6}.Release|Any CPU.ActiveCfg = Release|Any CPU
		{A5301B78-3FC4-4625-A992-70E525B858C6}.Release|Any CPU.Build.0 = Release|Any CPU
		{A2A10AD6-98C5-428B-8FD5-F414D4DC1FC1}.Debug|Any CPU.ActiveCfg = Debug|Any CPU
		{A2A10AD6-98C5-428B-8FD5-F414D4DC1FC1}.Debug|Any CPU.Build.0 = Debug|Any CPU
		{A2A10AD6-98C5-428B-8FD5-F414D4DC1FC1}.Release|Any CPU.ActiveCfg = Release|Any CPU
		{A2A10AD6-98C5-428B-8FD5-F414D4DC1FC1}.Release|Any CPU.Build.0 = Release|Any CPU
		{1650E839-98D9-4A41-8A9D-3EA1E13DE350}.Debug|Any CPU.ActiveCfg = Debug|Any CPU
		{1650E839-98D9-4A41-8A9D-3EA1E13DE350}.Debug|Any CPU.Build.0 = Debug|Any CPU
		{1650E839-98D9-4A41-8A9D-3EA1E13DE350}.Release|Any CPU.ActiveCfg = Release|Any CPU
		{1650E839-98D9-4A41-8A9D-3EA1E13DE350}.Release|Any CPU.Build.0 = Release|Any CPU
		{6ED1A1D3-2682-4CFF-89C9-8A533DACBAD2}.Debug|Any CPU.ActiveCfg = Debug|Any CPU
		{6ED1A1D3-2682-4CFF-89C9-8A533DACBAD2}.Debug|Any CPU.Build.0 = Debug|Any CPU
		{6ED1A1D3-2682-4CFF-89C9-8A533DACBAD2}.Release|Any CPU.ActiveCfg = Release|Any CPU
		{6ED1A1D3-2682-4CFF-89C9-8A533DACBAD2}.Release|Any CPU.Build.0 = Release|Any CPU
		{E3C8DEE3-5202-4BCD-AFCA-73FCFFA36070}.Debug|Any CPU.ActiveCfg = Debug|Any CPU
		{E3C8DEE3-5202-4BCD-AFCA-73FCFFA36070}.Debug|Any CPU.Build.0 = Debug|Any CPU
		{E3C8DEE3-5202-4BCD-AFCA-73FCFFA36070}.Release|Any CPU.ActiveCfg = Release|Any CPU
		{E3C8DEE3-5202-4BCD-AFCA-73FCFFA36070}.Release|Any CPU.Build.0 = Release|Any CPU
	EndGlobalSection
	GlobalSection(SolutionProperties) = preSolution
		HideSolutionNode = FALSE
	EndGlobalSection
	GlobalSection(NestedProjects) = preSolution
		{A97AF889-5772-44E6-ACC1-C12D06BC4296} = {0A64F2B7-3C00-482F-833E-022750CEDFE4}
		{1BDCA966-E353-47FC-88C4-7C5A53FAF125} = {0A64F2B7-3C00-482F-833E-022750CEDFE4}
		{7A7B6022-4F72-4C35-8D8D-2364E60BD02F} = {01FD297C-332B-4CFB-9159-F003E01A9D45}
		{A5301B78-3FC4-4625-A992-70E525B858C6} = {311DEDD6-15F5-4BD1-BC39-3BB223B650CA}
		{A2A10AD6-98C5-428B-8FD5-F414D4DC1FC1} = {3828640F-CD29-4857-9E77-9A3507D58086}
		{1650E839-98D9-4A41-8A9D-3EA1E13DE350} = {3828640F-CD29-4857-9E77-9A3507D58086}
		{6ED1A1D3-2682-4CFF-89C9-8A533DACBAD2} = {3828640F-CD29-4857-9E77-9A3507D58086}
		{E3C8DEE3-5202-4BCD-AFCA-73FCFFA36070} = {0A64F2B7-3C00-482F-833E-022750CEDFE4}
	EndGlobalSection
EndGlobal
