
Microsoft Visual Studio Solution File, Format Version 12.00
# Visual Studio 14
VisualStudioVersion = 14.0.25123.0
MinimumVisualStudioVersion = 10.0.40219.1
Project("{FAE04EC0-301F-11D3-BF4B-00C04F79EFBC}") = "Ecat.Web", "Ecat.Web\Ecat.Web.csproj", "{E41A82D9-AB22-421E-BFA6-46915AB53092}"
EndProject
Project("{8BB2217D-0F2D-49D1-97BC-3654ED321F3B}") = "Ecat.Client", "Ecat.Client\Ecat.Client.xproj", "{140B9496-3018-4D1D-95A6-C613C6D28C22}"
EndProject
Project("{2150E333-8FDC-42A3-9474-1A3956D46DE8}") = "Admin", "Admin", "{7287EB39-AAE7-4481-A2F0-6FCE220E1622}"
EndProject
Project("{2150E333-8FDC-42A3-9474-1A3956D46DE8}") = "LmsAdmin", "LmsAdmin", "{4BAEB4D1-008E-49C5-88A2-3C5167BB57CE}"
EndProject
Project("{2150E333-8FDC-42A3-9474-1A3956D46DE8}") = "Faculty", "Faculty", "{D67A6C6E-01D9-4BBB-938D-1DF694F61F2F}"
EndProject
Project("{2150E333-8FDC-42A3-9474-1A3956D46DE8}") = "Shared", "Shared", "{1FF18ECD-7003-4003-B6FF-A0E363582871}"
EndProject
Project("{2150E333-8FDC-42A3-9474-1A3956D46DE8}") = "Student", "Student", "{2C4F84BF-17E9-4AED-9F9F-1E137E621515}"
EndProject
Project("{2150E333-8FDC-42A3-9474-1A3956D46DE8}") = "User", "User", "{0D3E5BF4-1869-4883-85D5-8060CC1832C3}"
EndProject
Project("{FAE04EC0-301F-11D3-BF4B-00C04F79EFBC}") = "Ecat.Shared.Core", "Ecat.Shared.Core\Ecat.Shared.Core.csproj", "{D7F032F9-5296-4093-BB4A-EA9A924B08CF}"
EndProject
Project("{FAE04EC0-301F-11D3-BF4B-00C04F79EFBC}") = "Ecat.Shared.DbMgr", "Ecat.Shared.DbMgr\Ecat.Shared.DbMgr.csproj", "{20B162D3-AC45-4E9A-A55B-498E45F6876E}"
EndProject
Project("{FAE04EC0-301F-11D3-BF4B-00C04F79EFBC}") = "Ecat.UserMod.Core", "Ecat.UserMod.Core\Ecat.UserMod.Core.csproj", "{572C5A4B-622F-4ED1-916D-A09192713B66}"
EndProject
Project("{FAE04EC0-301F-11D3-BF4B-00C04F79EFBC}") = "Ecat.StudMod.Core", "Ecat.StudMod.Core\Ecat.StudMod.Core.csproj", "{0DA9E75F-A361-49FF-927E-E6CBFC97895F}"
EndProject
Project("{FAE04EC0-301F-11D3-BF4B-00C04F79EFBC}") = "Ecat.FacMod.Core", "Ecat.FacMod.Core\Ecat.FacMod.Core.csproj", "{2E40B8B0-8966-43DB-9BB7-24E06136C8F0}"
EndProject
Project("{2150E333-8FDC-42A3-9474-1A3956D46DE8}") = "_Notes", "_Notes", "{AA66AF1B-A990-47C2-B59F-6A32C1E043E2}"
	ProjectSection(SolutionItems) = preProject
		Readme.md = Readme.md
	EndProjectSection
EndProject
Project("{FAE04EC0-301F-11D3-BF4B-00C04F79EFBC}") = "Ecat.DevOps", "Ecat.DevOps\Ecat.DevOps.csproj", "{14CBB081-809F-4B4B-9AA7-BB1AAB16BB5B}"
EndProject
Project("{FAE04EC0-301F-11D3-BF4B-00C04F79EFBC}") = "Ecat.LmsAdmin.Mod", "Ecat.LmsAdmin.Mod\Ecat.LmsAdmin.Mod.csproj", "{774C5EC1-FEB0-443A-9377-C28680975665}"
EndProject
Project("{2150E333-8FDC-42A3-9474-1A3956D46DE8}") = "Designer", "Designer", "{922E1837-4C94-42FA-BBDA-AE6D29834094}"
EndProject
Project("{FAE04EC0-301F-11D3-BF4B-00C04F79EFBC}") = "Ecat.DesignerMod.Core", "Ecat.DesignerMod.Core\Ecat.DesignerMod.Core.csproj", "{D85CCEA2-4227-4AD6-A889-73FEAA4A81E2}"
EndProject
Project("{2150E333-8FDC-42A3-9474-1A3956D46DE8}") = "_Artifacts", "_Artifacts", "{780501F6-63AD-4ECA-AB46-9E850742B77D}"
	ProjectSection(SolutionItems) = preProject
		InitDatabase.sql = InitDatabase.sql
	EndProjectSection
EndProject
Global
	GlobalSection(SolutionConfigurationPlatforms) = preSolution
		Debug|Any CPU = Debug|Any CPU
		Release|Any CPU = Release|Any CPU
	EndGlobalSection
	GlobalSection(ProjectConfigurationPlatforms) = postSolution
		{E41A82D9-AB22-421E-BFA6-46915AB53092}.Debug|Any CPU.ActiveCfg = Debug|Any CPU
		{E41A82D9-AB22-421E-BFA6-46915AB53092}.Debug|Any CPU.Build.0 = Debug|Any CPU
		{E41A82D9-AB22-421E-BFA6-46915AB53092}.Release|Any CPU.ActiveCfg = Release|Any CPU
		{E41A82D9-AB22-421E-BFA6-46915AB53092}.Release|Any CPU.Build.0 = Release|Any CPU
		{140B9496-3018-4D1D-95A6-C613C6D28C22}.Debug|Any CPU.ActiveCfg = Debug|Any CPU
		{140B9496-3018-4D1D-95A6-C613C6D28C22}.Release|Any CPU.ActiveCfg = Release|Any CPU
		{140B9496-3018-4D1D-95A6-C613C6D28C22}.Release|Any CPU.Build.0 = Release|Any CPU
		{D7F032F9-5296-4093-BB4A-EA9A924B08CF}.Debug|Any CPU.ActiveCfg = Debug|Any CPU
		{D7F032F9-5296-4093-BB4A-EA9A924B08CF}.Debug|Any CPU.Build.0 = Debug|Any CPU
		{D7F032F9-5296-4093-BB4A-EA9A924B08CF}.Release|Any CPU.ActiveCfg = Release|Any CPU
		{D7F032F9-5296-4093-BB4A-EA9A924B08CF}.Release|Any CPU.Build.0 = Release|Any CPU
		{20B162D3-AC45-4E9A-A55B-498E45F6876E}.Debug|Any CPU.ActiveCfg = Debug|Any CPU
		{20B162D3-AC45-4E9A-A55B-498E45F6876E}.Debug|Any CPU.Build.0 = Debug|Any CPU
		{20B162D3-AC45-4E9A-A55B-498E45F6876E}.Release|Any CPU.ActiveCfg = Release|Any CPU
		{20B162D3-AC45-4E9A-A55B-498E45F6876E}.Release|Any CPU.Build.0 = Release|Any CPU
		{572C5A4B-622F-4ED1-916D-A09192713B66}.Debug|Any CPU.ActiveCfg = Debug|Any CPU
		{572C5A4B-622F-4ED1-916D-A09192713B66}.Debug|Any CPU.Build.0 = Debug|Any CPU
		{572C5A4B-622F-4ED1-916D-A09192713B66}.Release|Any CPU.ActiveCfg = Release|Any CPU
		{572C5A4B-622F-4ED1-916D-A09192713B66}.Release|Any CPU.Build.0 = Release|Any CPU
		{0DA9E75F-A361-49FF-927E-E6CBFC97895F}.Debug|Any CPU.ActiveCfg = Debug|Any CPU
		{0DA9E75F-A361-49FF-927E-E6CBFC97895F}.Debug|Any CPU.Build.0 = Debug|Any CPU
		{0DA9E75F-A361-49FF-927E-E6CBFC97895F}.Release|Any CPU.ActiveCfg = Release|Any CPU
		{0DA9E75F-A361-49FF-927E-E6CBFC97895F}.Release|Any CPU.Build.0 = Release|Any CPU
		{2E40B8B0-8966-43DB-9BB7-24E06136C8F0}.Debug|Any CPU.ActiveCfg = Debug|Any CPU
		{2E40B8B0-8966-43DB-9BB7-24E06136C8F0}.Debug|Any CPU.Build.0 = Debug|Any CPU
		{2E40B8B0-8966-43DB-9BB7-24E06136C8F0}.Release|Any CPU.ActiveCfg = Release|Any CPU
		{2E40B8B0-8966-43DB-9BB7-24E06136C8F0}.Release|Any CPU.Build.0 = Release|Any CPU
		{14CBB081-809F-4B4B-9AA7-BB1AAB16BB5B}.Debug|Any CPU.ActiveCfg = Debug|Any CPU
		{14CBB081-809F-4B4B-9AA7-BB1AAB16BB5B}.Debug|Any CPU.Build.0 = Debug|Any CPU
		{14CBB081-809F-4B4B-9AA7-BB1AAB16BB5B}.Release|Any CPU.ActiveCfg = Release|Any CPU
		{14CBB081-809F-4B4B-9AA7-BB1AAB16BB5B}.Release|Any CPU.Build.0 = Release|Any CPU
		{774C5EC1-FEB0-443A-9377-C28680975665}.Debug|Any CPU.ActiveCfg = Debug|Any CPU
		{774C5EC1-FEB0-443A-9377-C28680975665}.Debug|Any CPU.Build.0 = Debug|Any CPU
		{774C5EC1-FEB0-443A-9377-C28680975665}.Release|Any CPU.ActiveCfg = Release|Any CPU
		{774C5EC1-FEB0-443A-9377-C28680975665}.Release|Any CPU.Build.0 = Release|Any CPU
		{D85CCEA2-4227-4AD6-A889-73FEAA4A81E2}.Debug|Any CPU.ActiveCfg = Debug|Any CPU
		{D85CCEA2-4227-4AD6-A889-73FEAA4A81E2}.Debug|Any CPU.Build.0 = Debug|Any CPU
		{D85CCEA2-4227-4AD6-A889-73FEAA4A81E2}.Release|Any CPU.ActiveCfg = Release|Any CPU
		{D85CCEA2-4227-4AD6-A889-73FEAA4A81E2}.Release|Any CPU.Build.0 = Release|Any CPU
	EndGlobalSection
	GlobalSection(SolutionProperties) = preSolution
		HideSolutionNode = FALSE
	EndGlobalSection
	GlobalSection(NestedProjects) = preSolution
		{D7F032F9-5296-4093-BB4A-EA9A924B08CF} = {1FF18ECD-7003-4003-B6FF-A0E363582871}
		{20B162D3-AC45-4E9A-A55B-498E45F6876E} = {1FF18ECD-7003-4003-B6FF-A0E363582871}
		{572C5A4B-622F-4ED1-916D-A09192713B66} = {0D3E5BF4-1869-4883-85D5-8060CC1832C3}
		{0DA9E75F-A361-49FF-927E-E6CBFC97895F} = {2C4F84BF-17E9-4AED-9F9F-1E137E621515}
		{2E40B8B0-8966-43DB-9BB7-24E06136C8F0} = {D67A6C6E-01D9-4BBB-938D-1DF694F61F2F}
		{774C5EC1-FEB0-443A-9377-C28680975665} = {4BAEB4D1-008E-49C5-88A2-3C5167BB57CE}
		{D85CCEA2-4227-4AD6-A889-73FEAA4A81E2} = {922E1837-4C94-42FA-BBDA-AE6D29834094}
	EndGlobalSection
EndGlobal
